lockfileVersion: '9.0'

settings:
  autoInstallPeers: true
  excludeLinksFromLockfile: false

importers:

  .:
    dependencies:
      ghostty-web:
        specifier: 0.4.0
        version: 0.4.0
      kysely:
        specifier: ^0.29.2
        version: 0.29.2
      lucide-static:
        specifier: ^1.16.0
        version: 1.16.0
    devDependencies:
      '@cloudflare/workers-types':
        specifier: latest
        version: 4.20260517.1
      '@typescript/native-preview':
        specifier: 7.0.0-dev.20260517.1
        version: 7.0.0-dev.20260517.1
      oxfmt:
        specifier: ^0.50.0
        version: 0.50.0
      oxlint:
        specifier: ^1.65.0
        version: 1.65.0
      wrangler:
        specifier: ^4.92.0
        version: 4.92.0(@cloudflare/workers-types@4.20260517.1)

packages:

  '@cloudflare/kv-asset-handler@0.5.0':
    resolution: {integrity: sha512-jxQYkj8dSIzc0cD6cMMNdOc1UVjqSqu8BZdor5s8cGjW2I8BjODt/kWPVdY+u9zj3ms75Q5qaZgnxUad83+eAg==}
    engines: {node: '>=22.0.0'}

  '@cloudflare/unenv-preset@2.16.1':
    resolution: {integrity: sha512-ECxObrMfyTl5bhQf/lZCXwo5G6xX9IAUo+nDMKK4SZ8m4Jvvxp52vilxyySSWh2YTZz8+HQ07qGH/2rEom1vDw==}
    peerDependencies:
      unenv: 2.0.0-rc.24
      workerd: '>1.20260305.0 <2.0.0-0'
    peerDependenciesMeta:
      workerd:
        optional: true

  '@cloudflare/workerd-darwin-64@1.20260515.1':
    resolution: {integrity: sha512-Wtw44el2pNbzixvTkWdfeBDTrQwQbJRz7/JUvPKV27I0pQWXbhNJPpM8cstq/pbrU5AGcA/HjFH6yPMRTIRKig==}
    engines: {node: '>=16'}
    cpu: [x64]
    os: [darwin]

  '@cloudflare/workerd-darwin-arm64@1.20260515.1':
    resolution: {integrity: sha512-X8EqkZej6FfmhF9AVAQ3FhyQRr9acS4RcDunMU2YiuxKHF1IU8zzH3vY30/POaG+rUu9vGDp/VgUl49VPenHJQ==}
    engines: {node: '>=16'}
    cpu: [arm64]
    os: [darwin]

  '@cloudflare/workerd-linux-64@1.20260515.1':
    resolution: {integrity: sha512-CDC89QxQ7Y7t7RG1Jd9vj/qolE1sQRkI2OSEuV5BMJi0vW/gV4OVG6xjpdK3b1OYnSWDzF7NpvlR5Yg86q7k4g==}
    engines: {node: '>=16'}
    cpu: [x64]
    os: [linux]

  '@cloudflare/workerd-linux-arm64@1.20260515.1':
    resolution: {integrity: sha512-WxbW/PToYES4fvHXzsr/5qOiETQs/Z9iZ0mjSZAiEwq5cMLZemzGN0COx+uFb9OvQwzh6Pg159qPFnw3+i9FuA==}
    engines: {node: '>=16'}
    cpu: [arm64]
    os: [linux]

  '@cloudflare/workerd-windows-64@1.20260515.1':
    resolution: {integrity: sha512-WmV/iv+MHjYsvkcMVzpM2B5/mf06UUkdpVhZrtMfV9graWjBGPYFvE/eab8748RPVGKh1Xe1vXofLzDSwc08lA==}
    engines: {node: '>=16'}
    cpu: [x64]
    os: [win32]

  '@cloudflare/workers-types@4.20260517.1':
    resolution: {integrity: sha512-OjavgX6VpYoWlKg2xPgLKIhBeiJvNdwFVK8E1P6hF02wh1oEt1sZpTzbp9kdohprqjXo6UVqs7/AuIH0wxIcbw==}

  '@cspotcode/source-map-support@0.8.1':
    resolution: {integrity: sha512-IchNf6dN4tHoMFIn/7OE8LWZ19Y6q/67Bmf6vnGREv8RSbBVb9LPJxEcnwrcwX6ixSvaiGoomAUvu4YSxXrVgw==}
    engines: {node: '>=12'}

  '@emnapi/runtime@1.10.0':
    resolution: {integrity: sha512-ewvYlk86xUoGI0zQRNq/mC+16R1QeDlKQy21Ki3oSYXNgLb45GV1P6A0M+/s6nyCuNDqe5VpaY84BzXGwVbwFA==}

  '@esbuild/aix-ppc64@0.27.3':
    resolution: {integrity: sha512-9fJMTNFTWZMh5qwrBItuziu834eOCUcEqymSH7pY+zoMVEZg3gcPuBNxH1EvfVYe9h0x/Ptw8KBzv7qxb7l8dg==}
    engines: {node: '>=18'}
    cpu: [ppc64]
    os: [aix]

  '@esbuild/android-arm64@0.27.3':
    resolution: {integrity: sha512-YdghPYUmj/FX2SYKJ0OZxf+iaKgMsKHVPF1MAq/P8WirnSpCStzKJFjOjzsW0QQ7oIAiccHdcqjbHmJxRb/dmg==}
    engines: {node: '>=18'}
    cpu: [arm64]
    os: [android]

  '@esbuild/android-arm@0.27.3':
    resolution: {integrity: sha512-i5D1hPY7GIQmXlXhs2w8AWHhenb00+GxjxRncS2ZM7YNVGNfaMxgzSGuO8o8SJzRc/oZwU2bcScvVERk03QhzA==}
    engines: {node: '>=18'}
    cpu: [arm]
    os: [android]

  '@esbuild/android-x64@0.27.3':
    resolution: {integrity: sha512-IN/0BNTkHtk8lkOM8JWAYFg4ORxBkZQf9zXiEOfERX/CzxW3Vg1ewAhU7QSWQpVIzTW+b8Xy+lGzdYXV6UZObQ==}
    engines: {node: '>=18'}
    cpu: [x64]
    os: [android]

  '@esbuild/darwin-arm64@0.27.3':
    resolution: {integrity: sha512-Re491k7ByTVRy0t3EKWajdLIr0gz2kKKfzafkth4Q8A5n1xTHrkqZgLLjFEHVD+AXdUGgQMq+Godfq45mGpCKg==}
    engines: {node: '>=18'}
    cpu: [arm64]
    os: [darwin]

  '@esbuild/darwin-x64@0.27.3':
    resolution: {integrity: sha512-vHk/hA7/1AckjGzRqi6wbo+jaShzRowYip6rt6q7VYEDX4LEy1pZfDpdxCBnGtl+A5zq8iXDcyuxwtv3hNtHFg==}
    engines: {node: '>=18'}
    cpu: [x64]
    os: [darwin]

  '@esbuild/freebsd-arm64@0.27.3':
    resolution: {integrity: sha512-ipTYM2fjt3kQAYOvo6vcxJx3nBYAzPjgTCk7QEgZG8AUO3ydUhvelmhrbOheMnGOlaSFUoHXB6un+A7q4ygY9w==}
    engines: {node: '>=18'}
    cpu: [arm64]
    os: [freebsd]

  '@esbuild/freebsd-x64@0.27.3':
    resolution: {integrity: sha512-dDk0X87T7mI6U3K9VjWtHOXqwAMJBNN2r7bejDsc+j03SEjtD9HrOl8gVFByeM0aJksoUuUVU9TBaZa2rgj0oA==}
    engines: {node: '>=18'}
    cpu: [x64]
    os: [freebsd]

  '@esbuild/linux-arm64@0.27.3':
    resolution: {integrity: sha512-sZOuFz/xWnZ4KH3YfFrKCf1WyPZHakVzTiqji3WDc0BCl2kBwiJLCXpzLzUBLgmp4veFZdvN5ChW4Eq/8Fc2Fg==}
    engines: {node: '>=18'}
    cpu: [arm64]
    os: [linux]

  '@esbuild/linux-arm@0.27.3':
    resolution: {integrity: sha512-s6nPv2QkSupJwLYyfS+gwdirm0ukyTFNl3KTgZEAiJDd+iHZcbTPPcWCcRYH+WlNbwChgH2QkE9NSlNrMT8Gfw==}
    engines: {node: '>=18'}
    cpu: [arm]
    os: [linux]

  '@esbuild/linux-ia32@0.27.3':
    resolution: {integrity: sha512-yGlQYjdxtLdh0a3jHjuwOrxQjOZYD/C9PfdbgJJF3TIZWnm/tMd/RcNiLngiu4iwcBAOezdnSLAwQDPqTmtTYg==}
    engines: {node: '>=18'}
    cpu: [ia32]
    os: [linux]

  '@esbuild/linux-loong64@0.27.3':
    resolution: {integrity: sha512-WO60Sn8ly3gtzhyjATDgieJNet/KqsDlX5nRC5Y3oTFcS1l0KWba+SEa9Ja1GfDqSF1z6hif/SkpQJbL63cgOA==}
    engines: {node: '>=18'}
    cpu: [loong64]
    os: [linux]

  '@esbuild/linux-mips64el@0.27.3':
    resolution: {integrity: sha512-APsymYA6sGcZ4pD6k+UxbDjOFSvPWyZhjaiPyl/f79xKxwTnrn5QUnXR5prvetuaSMsb4jgeHewIDCIWljrSxw==}
    engines: {node: '>=18'}
    cpu: [mips64el]
    os: [linux]

  '@esbuild/linux-ppc64@0.27.3':
    resolution: {integrity: sha512-eizBnTeBefojtDb9nSh4vvVQ3V9Qf9Df01PfawPcRzJH4gFSgrObw+LveUyDoKU3kxi5+9RJTCWlj4FjYXVPEA==}
    engines: {node: '>=18'}
    cpu: [ppc64]
    os: [linux]

  '@esbuild/linux-riscv64@0.27.3':
    resolution: {integrity: sha512-3Emwh0r5wmfm3ssTWRQSyVhbOHvqegUDRd0WhmXKX2mkHJe1SFCMJhagUleMq+Uci34wLSipf8Lagt4LlpRFWQ==}
    engines: {node: '>=18'}
    cpu: [riscv64]
    os: [linux]

  '@esbuild/linux-s390x@0.27.3':
    resolution: {integrity: sha512-pBHUx9LzXWBc7MFIEEL0yD/ZVtNgLytvx60gES28GcWMqil8ElCYR4kvbV2BDqsHOvVDRrOxGySBM9Fcv744hw==}
    engines: {node: '>=18'}
    cpu: [s390x]
    os: [linux]

  '@esbuild/linux-x64@0.27.3':
    resolution: {integrity: sha512-Czi8yzXUWIQYAtL/2y6vogER8pvcsOsk5cpwL4Gk5nJqH5UZiVByIY8Eorm5R13gq+DQKYg0+JyQoytLQas4dA==}
    engines: {node: '>=18'}
    cpu: [x64]
    os: [linux]

  '@esbuild/netbsd-arm64@0.27.3':
    resolution: {integrity: sha512-sDpk0RgmTCR/5HguIZa9n9u+HVKf40fbEUt+iTzSnCaGvY9kFP0YKBWZtJaraonFnqef5SlJ8/TiPAxzyS+UoA==}
    engines: {node: '>=18'}
    cpu: [arm64]
    os: [netbsd]

  '@esbuild/netbsd-x64@0.27.3':
    resolution: {integrity: sha512-P14lFKJl/DdaE00LItAukUdZO5iqNH7+PjoBm+fLQjtxfcfFE20Xf5CrLsmZdq5LFFZzb5JMZ9grUwvtVYzjiA==}
    engines: {node: '>=18'}
    cpu: [x64]
    os: [netbsd]

  '@esbuild/openbsd-arm64@0.27.3':
    resolution: {integrity: sha512-AIcMP77AvirGbRl/UZFTq5hjXK+2wC7qFRGoHSDrZ5v5b8DK/GYpXW3CPRL53NkvDqb9D+alBiC/dV0Fb7eJcw==}
    engines: {node: '>=18'}
    cpu: [arm64]
    os: [openbsd]

  '@esbuild/openbsd-x64@0.27.3':
    resolution: {integrity: sha512-DnW2sRrBzA+YnE70LKqnM3P+z8vehfJWHXECbwBmH/CU51z6FiqTQTHFenPlHmo3a8UgpLyH3PT+87OViOh1AQ==}
    engines: {node: '>=18'}
    cpu: [x64]
    os: [openbsd]

  '@esbuild/openharmony-arm64@0.27.3':
    resolution: {integrity: sha512-NinAEgr/etERPTsZJ7aEZQvvg/A6IsZG/LgZy+81wON2huV7SrK3e63dU0XhyZP4RKGyTm7aOgmQk0bGp0fy2g==}
    engines: {node: '>=18'}
    cpu: [arm64]
    os: [openharmony]

  '@esbuild/sunos-x64@0.27.3':
    resolution: {integrity: sha512-PanZ+nEz+eWoBJ8/f8HKxTTD172SKwdXebZ0ndd953gt1HRBbhMsaNqjTyYLGLPdoWHy4zLU7bDVJztF5f3BHA==}
    engines: {node: '>=18'}
    cpu: [x64]
    os: [sunos]

  '@esbuild/win32-arm64@0.27.3':
    resolution: {integrity: sha512-B2t59lWWYrbRDw/tjiWOuzSsFh1Y/E95ofKz7rIVYSQkUYBjfSgf6oeYPNWHToFRr2zx52JKApIcAS/D5TUBnA==}
    engines: {node: '>=18'}
    cpu: [arm64]
    os: [win32]

  '@esbuild/win32-ia32@0.27.3':
    resolution: {integrity: sha512-QLKSFeXNS8+tHW7tZpMtjlNb7HKau0QDpwm49u0vUp9y1WOF+PEzkU84y9GqYaAVW8aH8f3GcBck26jh54cX4Q==}
    engines: {node: '>=18'}
    cpu: [ia32]
    os: [win32]

  '@esbuild/win32-x64@0.27.3':
    resolution: {integrity: sha512-4uJGhsxuptu3OcpVAzli+/gWusVGwZZHTlS63hh++ehExkVT8SgiEf7/uC/PclrPPkLhZqGgCTjd0VWLo6xMqA==}
    engines: {node: '>=18'}
    cpu: [x64]
    os: [win32]

  '@img/colour@1.1.0':
    resolution: {integrity: sha512-Td76q7j57o/tLVdgS746cYARfSyxk8iEfRxewL9h4OMzYhbW4TAcppl0mT4eyqXddh6L/jwoM75mo7ixa/pCeQ==}
    engines: {node: '>=18'}

  '@img/sharp-darwin-arm64@0.34.5':
    resolution: {integrity: sha512-imtQ3WMJXbMY4fxb/Ndp6HBTNVtWCUI0WdobyheGf5+ad6xX8VIDO8u2xE4qc/fr08CKG/7dDseFtn6M6g/r3w==}
    engines: {node: ^18.17.0 || ^20.3.0 || >=21.0.0}
    cpu: [arm64]
    os: [darwin]

  '@img/sharp-darwin-x64@0.34.5':
    resolution: {integrity: sha512-YNEFAF/4KQ/PeW0N+r+aVVsoIY0/qxxikF2SWdp+NRkmMB7y9LBZAVqQ4yhGCm/H3H270OSykqmQMKLBhBJDEw==}
    engines: {node: ^18.17.0 || ^20.3.0 || >=21.0.0}
    cpu: [x64]
    os: [darwin]

  '@img/sharp-libvips-darwin-arm64@1.2.4':
    resolution: {integrity: sha512-zqjjo7RatFfFoP0MkQ51jfuFZBnVE2pRiaydKJ1G/rHZvnsrHAOcQALIi9sA5co5xenQdTugCvtb1cuf78Vf4g==}
    cpu: [arm64]
    os: [darwin]

  '@img/sharp-libvips-darwin-x64@1.2.4':
    resolution: {integrity: sha512-1IOd5xfVhlGwX+zXv2N93k0yMONvUlANylbJw1eTah8K/Jtpi15KC+WSiaX/nBmbm2HxRM1gZ0nSdjSsrZbGKg==}
    cpu: [x64]
    os: [darwin]

  '@img/sharp-libvips-linux-arm64@1.2.4':
    resolution: {integrity: sha512-excjX8DfsIcJ10x1Kzr4RcWe1edC9PquDRRPx3YVCvQv+U5p7Yin2s32ftzikXojb1PIFc/9Mt28/y+iRklkrw==}
    cpu: [arm64]
    os: [linux]

  '@img/sharp-libvips-linux-arm@1.2.4':
    resolution: {integrity: sha512-bFI7xcKFELdiNCVov8e44Ia4u2byA+l3XtsAj+Q8tfCwO6BQ8iDojYdvoPMqsKDkuoOo+X6HZA0s0q11ANMQ8A==}
    cpu: [arm]
    os: [linux]

  '@img/sharp-libvips-linux-ppc64@1.2.4':
    resolution: {integrity: sha512-FMuvGijLDYG6lW+b/UvyilUWu5Ayu+3r2d1S8notiGCIyYU/76eig1UfMmkZ7vwgOrzKzlQbFSuQfgm7GYUPpA==}
    cpu: [ppc64]
    os: [linux]

  '@img/sharp-libvips-linux-riscv64@1.2.4':
    resolution: {integrity: sha512-oVDbcR4zUC0ce82teubSm+x6ETixtKZBh/qbREIOcI3cULzDyb18Sr/Wcyx7NRQeQzOiHTNbZFF1UwPS2scyGA==}
    cpu: [riscv64]
    os: [linux]

  '@img/sharp-libvips-linux-s390x@1.2.4':
    resolution: {integrity: sha512-qmp9VrzgPgMoGZyPvrQHqk02uyjA0/QrTO26Tqk6l4ZV0MPWIW6LTkqOIov+J1yEu7MbFQaDpwdwJKhbJvuRxQ==}
    cpu: [s390x]
    os: [linux]

  '@img/sharp-libvips-linux-x64@1.2.4':
    resolution: {integrity: sha512-tJxiiLsmHc9Ax1bz3oaOYBURTXGIRDODBqhveVHonrHJ9/+k89qbLl0bcJns+e4t4rvaNBxaEZsFtSfAdquPrw==}
    cpu: [x64]
    os: [linux]

  '@img/sharp-libvips-linuxmusl-arm64@1.2.4':
    resolution: {integrity: sha512-FVQHuwx1IIuNow9QAbYUzJ+En8KcVm9Lk5+uGUQJHaZmMECZmOlix9HnH7n1TRkXMS0pGxIJokIVB9SuqZGGXw==}
    cpu: [arm64]
    os: [linux]

  '@img/sharp-libvips-linuxmusl-x64@1.2.4':
    resolution: {integrity: sha512-+LpyBk7L44ZIXwz/VYfglaX/okxezESc6UxDSoyo2Ks6Jxc4Y7sGjpgU9s4PMgqgjj1gZCylTieNamqA1MF7Dg==}
    cpu: [x64]
    os: [linux]

  '@img/sharp-linux-arm64@0.34.5':
    resolution: {integrity: sha512-bKQzaJRY/bkPOXyKx5EVup7qkaojECG6NLYswgktOZjaXecSAeCWiZwwiFf3/Y+O1HrauiE3FVsGxFg8c24rZg==}
    engines: {node: ^18.17.0 || ^20.3.0 || >=21.0.0}
    cpu: [arm64]
    os: [linux]

  '@img/sharp-linux-arm@0.34.5':
    resolution: {integrity: sha512-9dLqsvwtg1uuXBGZKsxem9595+ujv0sJ6Vi8wcTANSFpwV/GONat5eCkzQo/1O6zRIkh0m/8+5BjrRr7jDUSZw==}
    engines: {node: ^18.17.0 || ^20.3.0 || >=21.0.0}
    cpu: [arm]
    os: [linux]

  '@img/sharp-linux-ppc64@0.34.5':
    resolution: {integrity: sha512-7zznwNaqW6YtsfrGGDA6BRkISKAAE1Jo0QdpNYXNMHu2+0dTrPflTLNkpc8l7MUP5M16ZJcUvysVWWrMefZquA==}
    engines: {node: ^18.17.0 || ^20.3.0 || >=21.0.0}
    cpu: [ppc64]
    os: [linux]

  '@img/sharp-linux-riscv64@0.34.5':
    resolution: {integrity: sha512-51gJuLPTKa7piYPaVs8GmByo7/U7/7TZOq+cnXJIHZKavIRHAP77e3N2HEl3dgiqdD/w0yUfiJnII77PuDDFdw==}
    engines: {node: ^18.17.0 || ^20.3.0 || >=21.0.0}
    cpu: [riscv64]
    os: [linux]

  '@img/sharp-linux-s390x@0.34.5':
    resolution: {integrity: sha512-nQtCk0PdKfho3eC5MrbQoigJ2gd1CgddUMkabUj+rBevs8tZ2cULOx46E7oyX+04WGfABgIwmMC0VqieTiR4jg==}
    engines: {node: ^18.17.0 || ^20.3.0 || >=21.0.0}
    cpu: [s390x]
    os: [linux]

  '@img/sharp-linux-x64@0.34.5':
    resolution: {integrity: sha512-MEzd8HPKxVxVenwAa+JRPwEC7QFjoPWuS5NZnBt6B3pu7EG2Ge0id1oLHZpPJdn3OQK+BQDiw9zStiHBTJQQQQ==}
    engines: {node: ^18.17.0 || ^20.3.0 || >=21.0.0}
    cpu: [x64]
    os: [linux]

  '@img/sharp-linuxmusl-arm64@0.34.5':
    resolution: {integrity: sha512-fprJR6GtRsMt6Kyfq44IsChVZeGN97gTD331weR1ex1c1rypDEABN6Tm2xa1wE6lYb5DdEnk03NZPqA7Id21yg==}
    engines: {node: ^18.17.0 || ^20.3.0 || >=21.0.0}
    cpu: [arm64]
    os: [linux]

  '@img/sharp-linuxmusl-x64@0.34.5':
    resolution: {integrity: sha512-Jg8wNT1MUzIvhBFxViqrEhWDGzqymo3sV7z7ZsaWbZNDLXRJZoRGrjulp60YYtV4wfY8VIKcWidjojlLcWrd8Q==}
    engines: {node: ^18.17.0 || ^20.3.0 || >=21.0.0}
    cpu: [x64]
    os: [linux]

  '@img/sharp-wasm32@0.34.5':
    resolution: {integrity: sha512-OdWTEiVkY2PHwqkbBI8frFxQQFekHaSSkUIJkwzclWZe64O1X4UlUjqqqLaPbUpMOQk6FBu/HtlGXNblIs0huw==}
    engines: {node: ^18.17.0 || ^20.3.0 || >=21.0.0}
    cpu: [wasm32]

  '@img/sharp-win32-arm64@0.34.5':
    resolution: {integrity: sha512-WQ3AgWCWYSb2yt+IG8mnC6Jdk9Whs7O0gxphblsLvdhSpSTtmu69ZG1Gkb6NuvxsNACwiPV6cNSZNzt0KPsw7g==}
    engines: {node: ^18.17.0 || ^20.3.0 || >=21.0.0}
    cpu: [arm64]
    os: [win32]

  '@img/sharp-win32-ia32@0.34.5':
    resolution: {integrity: sha512-FV9m/7NmeCmSHDD5j4+4pNI8Cp3aW+JvLoXcTUo0IqyjSfAZJ8dIUmijx1qaJsIiU+Hosw6xM5KijAWRJCSgNg==}
    engines: {node: ^18.17.0 || ^20.3.0 || >=21.0.0}
    cpu: [ia32]
    os: [win32]

  '@img/sharp-win32-x64@0.34.5':
    resolution: {integrity: sha512-+29YMsqY2/9eFEiW93eqWnuLcWcufowXewwSNIT6UwZdUUCrM3oFjMWH/Z6/TMmb4hlFenmfAVbpWeup2jryCw==}
    engines: {node: ^18.17.0 || ^20.3.0 || >=21.0.0}
    cpu: [x64]
    os: [win32]

  '@jridgewell/resolve-uri@3.1.2':
    resolution: {integrity: sha512-bRISgCIjP20/tbWSPWMEi54QVPRZExkuD9lJL+UIxUKtwVJA8wW1Trb1jMs1RFXo1CBTNZ/5hpC9QvmKWdopKw==}
    engines: {node: '>=6.0.0'}

  '@jridgewell/sourcemap-codec@1.5.5':
    resolution: {integrity: sha512-cYQ9310grqxueWbl+WuIUIaiUaDcj7WOq5fVhEljNVgRfOUhY9fy2zTvfoqWsnebh8Sl70VScFbICvJnLKB0Og==}

  '@jridgewell/trace-mapping@0.3.9':
    resolution: {integrity: sha512-3Belt6tdc8bPgAtbcmdtNJlirVoTmEb5e2gC94PnkwEW9jI6CAHUeoG85tjWP5WquqfavoMtMwiG4P926ZKKuQ==}

  '@oxfmt/binding-android-arm-eabi@0.50.0':
    resolution: {integrity: sha512-ICXQVKrDvsWUtfx6EiVJxfWrajKTwTfRV8vz2XiMkxZeuCKJLgD4YAj6dE3BWvpqDlkVkie4VSTAtMUWO9LDXg==}
    engines: {node: ^20.19.0 || >=22.12.0}
    cpu: [arm]
    os: [android]

  '@oxfmt/binding-android-arm64@0.50.0':
    resolution: {integrity: sha512-quwjLQFkuW6OwLHeDeIXsTzOmipQFQbqsYN9HLk2B5I01IlAQZHP1UiLIg0O7pP+dUgPD2AD7SCYA3gs6NH5/g==}
    engines: {node: ^20.19.0 || >=22.12.0}
    cpu: [arm64]
    os: [android]

  '@oxfmt/binding-darwin-arm64@0.50.0':
    resolution: {integrity: sha512-ikU5umElcMi78/TNI334wtjr5WZ5F4nWa1aIDseAKKGL0W3ygxeYKkrIJ0fggWa8MOon66BmG3xCqmX1m9YAOw==}
    engines: {node: ^20.19.0 || >=22.12.0}
    cpu: [arm64]
    os: [darwin]

  '@oxfmt/binding-darwin-x64@0.50.0':
    resolution: {integrity: sha512-WT4MOYG4mv9IXrH0m60vHsJh+rRMPSOKTQmwDpwmgQ+DuW/i5dU4pqc0HDO5uclO5vjz5IFX5z/taW86LSVe/g==}
    engines: {node: ^20.19.0 || >=22.12.0}
    cpu: [x64]
    os: [darwin]

  '@oxfmt/binding-freebsd-x64@0.50.0':
    resolution: {integrity: sha512-gH0rycVXqV4juWkvLs2uPMtTyppDc7qEUVzXAxnQ7FpcSZNXqKowUgtjH8q67ngj416r8+4NnAlyR/D35zwwhQ==}
    engines: {node: ^20.19.0 || >=22.12.0}
    cpu: [x64]
    os: [freebsd]

  '@oxfmt/binding-linux-arm-gnueabihf@0.50.0':
    resolution: {integrity: sha512-wL/k+o0hiTeRvi/gPzeC1L/yTHTXIeHDKWU09s2zTBmv7ma59wTm+fADNSGYxhJQDxyavQbwTf1QpW3Zj924tQ==}
    engines: {node: ^20.19.0 || >=22.12.0}
    cpu: [arm]
    os: [linux]

  '@oxfmt/binding-linux-arm-musleabihf@0.50.0':
    resolution: {integrity: sha512-Y59FKqoUM3Gf00E395b4ixfWyJGwO2GzaZawF5MZoVWcb3f6CkWUXyao0jyOvoIxDMzMybcVRuXyG7ih/Nxweg==}
    engines: {node: ^20.19.0 || >=22.12.0}
    cpu: [arm]
    os: [linux]

  '@oxfmt/binding-linux-arm64-gnu@0.50.0':
    resolution: {integrity: sha512-OvXbfTjMignXWyJXg/NOFsiy996vFe8wb9tkxJaUq8ylq0XrzJg3ttavC5Tcmm6F8/GUs2r3XFJWWu9q/27uYw==}
    engines: {node: ^20.19.0 || >=22.12.0}
    cpu: [arm64]
    os: [linux]

  '@oxfmt/binding-linux-arm64-musl@0.50.0':
    resolution: {integrity: sha512-rqmvHZm7vMa3NLYa0khwkhReCmp9tqKnF23TFZ7S5cYJLvIE4b0k8famWE7kO897/DXznJe675n5SohFBggbxA==}
    engines: {node: ^20.19.0 || >=22.12.0}
    cpu: [arm64]
    os: [linux]

  '@oxfmt/binding-linux-ppc64-gnu@0.50.0':
    resolution: {integrity: sha512-49bAdYbMSde42tzPDtuHnBWzOgmoS0PT9THCjvMnDVYMQYiHzPc2Mv5rkpBHVQOXM+PHfafJlxgK0anXSWBVvw==}
    engines: {node: ^20.19.0 || >=22.12.0}
    cpu: [ppc64]
    os: [linux]

  '@oxfmt/binding-linux-riscv64-gnu@0.50.0':
    resolution: {integrity: sha512-VFT25/6kckkIM62KeWB2bi+xCEmC/zC+DcMaIpEfaio8ulkGDLSiTz11TyK0eqgTl3x5OklYEGDWohvAgOr8Bw==}
    engines: {node: ^20.19.0 || >=22.12.0}
    cpu: [riscv64]
    os: [linux]

  '@oxfmt/binding-linux-riscv64-musl@0.50.0':
    resolution: {integrity: sha512-BBJMuNy6jjkXjUUINF5UTQqb/nvjmtJad43Gp7bab0AAURAdthhJvduR7rHpWInpWYiaMzYsdrmURNcrmpxdZA==}
    engines: {node: ^20.19.0 || >=22.12.0}
    cpu: [riscv64]
    os: [linux]

  '@oxfmt/binding-linux-s390x-gnu@0.50.0':
    resolution: {integrity: sha512-Xd4y+yjAYHKmryXhyUUwbyRD01iKfcvI74iE01L6p4F8SwjhZQXDshK+T8PcrPZLiFqH263P5xqJk94amjkjzQ==}
    engines: {node: ^20.19.0 || >=22.12.0}
    cpu: [s390x]
    os: [linux]

  '@oxfmt/binding-linux-x64-gnu@0.50.0':
    resolution: {integrity: sha512-Qp96rYJru7l++7mk4R+eh8qq9GFfFAMdmoN6VGoRHI8AA1XMnUIzH4u+zOcKZZwY+irHdsaBldDearwB4nOH7A==}
    engines: {node: ^20.19.0 || >=22.12.0}
    cpu: [x64]
    os: [linux]

  '@oxfmt/binding-linux-x64-musl@0.50.0':
    resolution: {integrity: sha512-5XLGp+yd5w2Key5LMqJO+X3XVsJKgeeUKljy32+MBF/J/JZ5m8WHl6dI5eOQOr3ixopxPiXIyDAxn3slI3UXiQ==}
    engines: {node: ^20.19.0 || >=22.12.0}
    cpu: [x64]
    os: [linux]

  '@oxfmt/binding-openharmony-arm64@0.50.0':
    resolution: {integrity: sha512-QAxwzh7+GHugCD7WuERolVs8TKQwXNIAZXAHHTecbKVc9oWBkWzOiLauQuezXS57tVcof5zhi1IjZ8tOV0htTg==}
    engines: {node: ^20.19.0 || >=22.12.0}
    cpu: [arm64]
    os: [openharmony]

  '@oxfmt/binding-win32-arm64-msvc@0.50.0':
    resolution: {integrity: sha512-3nKN/kqClm9iCFWTwtJ9UpR5SGyExp5l3nw6uIiBt+3XitQtszin+vjHrL7JHfDksZ7Svigdaow2zqz/IKCfqw==}
    engines: {node: ^20.19.0 || >=22.12.0}
    cpu: [arm64]
    os: [win32]

  '@oxfmt/binding-win32-ia32-msvc@0.50.0':
    resolution: {integrity: sha512-3r6XZ8+X6qlLbXaPW2NygfiAWSpKbkE36pAVzS83mY+cYY+pSMalJ+qnCgkr92tr+Iqv988XKQ1CpARTg9ITbQ==}
    engines: {node: ^20.19.0 || >=22.12.0}
    cpu: [ia32]
    os: [win32]

  '@oxfmt/binding-win32-x64-msvc@0.50.0':
    resolution: {integrity: sha512-BSE8D8KsvquMG9vU+Qt4qGuoOcZ36rxU5S6ZkHNguj+MlWkXWCBETnno3yJ9CfWvfCrbmieaN9LK6hdcdHNZ/w==}
    engines: {node: ^20.19.0 || >=22.12.0}
    cpu: [x64]
    os: [win32]

  '@oxlint/binding-android-arm-eabi@1.65.0':
    resolution: {integrity: sha512-jDVaGNURT5pEA9qcabh6WusIoBNybOMMDPCx+EFt+gxo6rVvoUf0+73Xy5x81+ZrxU+ewk5uRBYifjy5pgkcnA==}
    engines: {node: ^20.19.0 || >=22.12.0}
    cpu: [arm]
    os: [android]

  '@oxlint/binding-android-arm64@1.65.0':
    resolution: {integrity: sha512-v0z80IWNA7c9RhUydq9YprBxCVZrQ6Ixls2tdxUC1F/1FFqSfa7xTX+EJf0mj6+BKRg2zWXqWfcbJUnETlLlIw==}
    engines: {node: ^20.19.0 || >=22.12.0}
    cpu: [arm64]
    os: [android]

  '@oxlint/binding-darwin-arm64@1.65.0':
    resolution: {integrity: sha512-pL/mG/5gMzBwp1gdc5+Cwi87F9j3XRnPxHGyVj5Zd+dCEV5YkKt0L70PB3EGmEEHxgn4H+jnMS3xLuXs6mZW/Q==}
    engines: {node: ^20.19.0 || >=22.12.0}
    cpu: [arm64]
    os: [darwin]

  '@oxlint/binding-darwin-x64@1.65.0':
    resolution: {integrity: sha512-jVTneaeuHtqTrKYnhrdH1buhnSorinvpy1sv43ayclfWx/e/DfdRWv+h1fopJcHQbYr5WMcZMmDvnfEBkPZ+1A==}
    engines: {node: ^20.19.0 || >=22.12.0}
    cpu: [x64]
    os: [darwin]

  '@oxlint/binding-freebsd-x64@1.65.0':
    resolution: {integrity: sha512-8lJQ7B6RloYDUhwVdbSpwT2eKsCN5KP1Scn18ly1tytCuhXhbs0nkfKHT4jWWZBJqmynWuzd+78bF7wILrj6pw==}
    engines: {node: ^20.19.0 || >=22.12.0}
    cpu: [x64]
    os: [freebsd]

  '@oxlint/binding-linux-arm-gnueabihf@1.65.0':
    resolution: {integrity: sha512-EgmZY+DeWhLLEnNl70/49j3ltA8I6X9kxMfexupWi2Vwfp6RonGsBaHtGoedLolaU37ne7eDUgoxa3CFB95GZA==}
    engines: {node: ^20.19.0 || >=22.12.0}
    cpu: [arm]
    os: [linux]

  '@oxlint/binding-linux-arm-musleabihf@1.65.0':
    resolution: {integrity: sha512-OJMWmAYRVBCPPxnYr3j5sXRwHPh1bAuMlTStGco1Z8q3HkvSH4h+A10E9MiRNYmLhUuli5a2P5wmfj8cagiF5Q==}
    engines: {node: ^20.19.0 || >=22.12.0}
    cpu: [arm]
    os: [linux]

  '@oxlint/binding-linux-arm64-gnu@1.65.0':
    resolution: {integrity: sha512-D8uNi50LsYKgS0vGARZDRx05TBZeSxAVdLGddSEqQLSU7xsiqdImHPEw55xq8sKA5rCc/4au/5uS7FQALWdLCg==}
    engines: {node: ^20.19.0 || >=22.12.0}
    cpu: [arm64]
    os: [linux]

  '@oxlint/binding-linux-arm64-musl@1.65.0':
    resolution: {integrity: sha512-IpbA8QGbwFehQhO+YaHwmoI81f93xvywpspf8HrdPCWOIeKwYfM1dhVhO4YKfZewTRRQEPY/JFjTOXTgkwhKrA==}
    engines: {node: ^20.19.0 || >=22.12.0}
    cpu: [arm64]
    os: [linux]

  '@oxlint/binding-linux-ppc64-gnu@1.65.0':
    resolution: {integrity: sha512-ZSe8HgaZdgyHSv2+/pTG68z10+OarB18CkFKQOhRs3lmmP/p2vuigedK2e9d0ztoG2DU/duJzhxXBSjy/492HQ==}
    engines: {node: ^20.19.0 || >=22.12.0}
    cpu: [ppc64]
    os: [linux]

  '@oxlint/binding-linux-riscv64-gnu@1.65.0':
    resolution: {integrity: sha512-DcTERf++v6HyPHukKAr0JFTRqB+YeDEvqzRgNDMaz7jITPf+tlJIwRxodlAqoXMYhNVEZhXdQM5RAAYH8/oPuw==}
    engines: {node: ^20.19.0 || >=22.12.0}
    cpu: [riscv64]
    os: [linux]

  '@oxlint/binding-linux-riscv64-musl@1.65.0':
    resolution: {integrity: sha512-xjhMwuFJwRh40NOBzol4gM5gqAa0xPCJU+GQLM6BydV8TbfkIA7JeyCFNhyfbE9Q/5EWcKYTx62R0cRcjP7DAA==}
    engines: {node: ^20.19.0 || >=22.12.0}
    cpu: [riscv64]
    os: [linux]

  '@oxlint/binding-linux-s390x-gnu@1.65.0':
    resolution: {integrity: sha512-lrWSXb8JzboPWYBG6Kunt/eemvjo2oCFXktShsm3yMToY7HjzKLjxh7CljSvGnnZH9oohNFHOKc9xYpGKCPm6w==}
    engines: {node: ^20.19.0 || >=22.12.0}
    cpu: [s390x]
    os: [linux]

  '@oxlint/binding-linux-x64-gnu@1.65.0':
    resolution: {integrity: sha512-A7xfghw250m4a1sPV+q44Mow2G5bhiC9FBvhAuIhJS6QovWnqzuL5AFQPEuwOB+PM4DhABkqxVa3Iwe3Y/nFlQ==}
    engines: {node: ^20.19.0 || >=22.12.0}
    cpu: [x64]
    os: [linux]

  '@oxlint/binding-linux-x64-musl@1.65.0':
    resolution: {integrity: sha512-reqOun1+pWO3fW6cv7bsa8hHG0TN3t/82qPdaoJo90FwugXiMjKhZMChmH5Z01cFNRHmxN4+543Fy8478cM/iA==}
    engines: {node: ^20.19.0 || >=22.12.0}
    cpu: [x64]
    os: [linux]

  '@oxlint/binding-openharmony-arm64@1.65.0':
    resolution: {integrity: sha512-KQpqOb/juDBO0xyloDkVDhOVxDUgAfZ2OAAVq99TJScJDzT319xry1QzB9LQohV9QGnA7p6m/XATZkMXc84lwA==}
    engines: {node: ^20.19.0 || >=22.12.0}
    cpu: [arm64]
    os: [openharmony]

  '@oxlint/binding-win32-arm64-msvc@1.65.0':
    resolution: {integrity: sha512-xfqcOc3nJFeAd1kDY4T9d3XeJIhr00twaaW0kOAzGPyUHkruXtNJv6zz1Ra9fRtSek5VpW2Yoj5AcwPIlT0ZiQ==}
    engines: {node: ^20.19.0 || >=22.12.0}
    cpu: [arm64]
    os: [win32]

  '@oxlint/binding-win32-ia32-msvc@1.65.0':
    resolution: {integrity: sha512-JV+pXm45p8sdgs3c7LOPAohW23optCNZETFOXUcjn6cS4PYZhEU/RI54Z5dHdMudab3nw7T48PZILthM+Q0COQ==}
    engines: {node: ^20.19.0 || >=22.12.0}
    cpu: [ia32]
    os: [win32]

  '@oxlint/binding-win32-x64-msvc@1.65.0':
    resolution: {integrity: sha512-D7L/oBbskLss21bYrRbFuIs81AiSQV+wRzwck54dOkHIlq2qu1xjLz8u6jCqGH8Fltk8bB5DLBpVhE7v/fA8XQ==}
    engines: {node: ^20.19.0 || >=22.12.0}
    cpu: [x64]
    os: [win32]

  '@poppinss/colors@4.1.6':
    resolution: {integrity: sha512-H9xkIdFswbS8n1d6vmRd8+c10t2Qe+rZITbbDHHkQixH5+2x1FDGmi/0K+WgWiqQFKPSlIYB7jlH6Kpfn6Fleg==}

  '@poppinss/dumper@0.6.5':
    resolution: {integrity: sha512-NBdYIb90J7LfOI32dOewKI1r7wnkiH6m920puQ3qHUeZkxNkQiFnXVWoE6YtFSv6QOiPPf7ys6i+HWWecDz7sw==}

  '@poppinss/exception@1.2.3':
    resolution: {integrity: sha512-dCED+QRChTVatE9ibtoaxc+WkdzOSjYTKi/+uacHWIsfodVfpsueo3+DKpgU5Px8qXjgmXkSvhXvSCz3fnP9lw==}

  '@sindresorhus/is@7.2.0':
    resolution: {integrity: sha512-P1Cz1dWaFfR4IR+U13mqqiGsLFf1KbayybWwdd2vfctdV6hDpUkgCY0nKOLLTMSoRd/jJNjtbqzf13K8DCCXQw==}
    engines: {node: '>=18'}

  '@speed-highlight/core@1.2.15':
    resolution: {integrity: sha512-BMq1K3DsElxDWawkX6eLg9+CKJrTVGCBAWVuHXVUV2u0s2711qiChLSId6ikYPfxhdYocLNt3wWwSvDiTvFabw==}

  '@typescript/native-preview-darwin-arm64@7.0.0-dev.20260517.1':
    resolution: {integrity: sha512-YjoHUk4g7ayc8328Wt/JU9T+ChfOO1hNc5qGmkkygL4J4Q3/Wp+EqCNcFinYRSca0Yl5WdcVngd8xyGFeTlwUA==}
    engines: {node: '>=16.20.0'}
    cpu: [arm64]
    os: [darwin]

  '@typescript/native-preview-darwin-x64@7.0.0-dev.20260517.1':
    resolution: {integrity: sha512-E/xAkhVaWaoU/u5itoRc1WD8M+A/JPmNbb4SiBexTZDQ3h/5xWU0HRwq/drRiLjFlcm0e1i66MzB8tbc2icctQ==}
    engines: {node: '>=16.20.0'}
    cpu: [x64]
    os: [darwin]

  '@typescript/native-preview-linux-arm64@7.0.0-dev.20260517.1':
    resolution: {integrity: sha512-u+xY12IarGGRFXh7hbN/cxW5aYNdwa84mG0pyXglvThXT0rzzPGUEJdxVkNBo6UHqnc4FJihdcaioWpXBxQe9w==}
    engines: {node: '>=16.20.0'}
    cpu: [arm64]
    os: [linux]

  '@typescript/native-preview-linux-arm@7.0.0-dev.20260517.1':
    resolution: {integrity: sha512-CJZJ21rSBtBxmfebMh8K/kH+e3Z+s8hM2+4ud0ZesEBgkBjePBo6FR4/1IJl38i4OvYnpbZerANR0yCRytv/Pw==}
    engines: {node: '>=16.20.0'}
    cpu: [arm]
    os: [linux]

  '@typescript/native-preview-linux-x64@7.0.0-dev.20260517.1':
    resolution: {integrity: sha512-yRnlMPugNitsW9lBBQVfy8NgeUrgenjspq2LKeYmaAlvw6uf1bkbSHw6hJeCpl1oh7kH+RAHUx0yzm/RlfFdKg==}
    engines: {node: '>=16.20.0'}
    cpu: [x64]
    os: [linux]

  '@typescript/native-preview-win32-arm64@7.0.0-dev.20260517.1':
    resolution: {integrity: sha512-fomiKzxtXrrasjJWbwaC8BGbzVQQv0VYVWijF0yKdXqxXjDRD01zT72Z1sjQGz0QJ19TVTVhJiNa7nI3wUaEsw==}
    engines: {node: '>=16.20.0'}
    cpu: [arm64]
    os: [win32]

  '@typescript/native-preview-win32-x64@7.0.0-dev.20260517.1':
    resolution: {integrity: sha512-ekFca6XpdGIfLwqaRSm0GzYvI1COhoN+a62KeSwmaZN8EGWN/Rwrp/Tm9VjWGrdHSOLQFdEAGNibmp4bRB4HyA==}
    engines: {node: '>=16.20.0'}
    cpu: [x64]
    os: [win32]

  '@typescript/native-preview@7.0.0-dev.20260517.1':
    resolution: {integrity: sha512-RSenvv0X4Uubpqyq9Z28xucCqpt5Gm/YaBs04b2Chps+qxYH+sRhYlLoiRkCx9x7Kxx6WLK3mjP+Xj6YNxHZjg==}
    engines: {node: '>=16.20.0'}
    hasBin: true

  blake3-wasm@2.1.5:
    resolution: {integrity: sha512-F1+K8EbfOZE49dtoPtmxUQrpXaBIl3ICvasLh+nJta0xkz+9kF/7uet9fLnwKqhDrmj6g+6K3Tw9yQPUg2ka5g==}

  cookie@1.1.1:
    resolution: {integrity: sha512-ei8Aos7ja0weRpFzJnEA9UHJ/7XQmqglbRwnf2ATjcB9Wq874VKH9kfjjirM6UhU2/E5fFYadylyhFldcqSidQ==}
    engines: {node: '>=18'}

  detect-libc@2.1.2:
    resolution: {integrity: sha512-Btj2BOOO83o3WyH59e8MgXsxEQVcarkUOpEYrubB0urwnN10yQ364rsiByU11nZlqWYZm05i/of7io4mzihBtQ==}
    engines: {node: '>=8'}

  error-stack-parser-es@1.0.5:
    resolution: {integrity: sha512-5qucVt2XcuGMcEGgWI7i+yZpmpByQ8J1lHhcL7PwqCwu9FPP3VUXzT4ltHe5i2z9dePwEHcDVOAfSnHsOlCXRA==}

  esbuild@0.27.3:
    resolution: {integrity: sha512-8VwMnyGCONIs6cWue2IdpHxHnAjzxnw2Zr7MkVxB2vjmQ2ivqGFb4LEG3SMnv0Gb2F/G/2yA8zUaiL1gywDCCg==}
    engines: {node: '>=18'}
    hasBin: true

  fsevents@2.3.3:
    resolution: {integrity: sha512-5xoDfX+fL7faATnagmWPpbFtwh/R77WmMMqqHGS65C3vvB0YHrgF+B1YmZ3441tMj5n63k0212XNoJwzlhffQw==}
    engines: {node: ^8.16.0 || ^10.6.0 || >=11.0.0}
    os: [darwin]

  ghostty-web@0.4.0:
    resolution: {integrity: sha512-0puDBik2qapbD/QQBW9o5ZHfXnZBqZWx/ctBiVtKZ6ZLds4NYb+wZuw1cRLXZk9zYovIQ908z3rvFhexAvc5Hg==}

  kleur@4.1.5:
    resolution: {integrity: sha512-o+NO+8WrRiQEE4/7nwRJhN1HWpVmJm511pBHUxPLtp0BUISzlBplORYSmTclCnJvQq2tKu/sgl3xVpkc7ZWuQQ==}
    engines: {node: '>=6'}

  kysely@0.29.2:
    resolution: {integrity: sha512-s6WVJyEZrbm6jhBpiKHsGHyePMrVQKJ85wZCFCr9W4QHv6WTjWIrdvTmO9hDEA3bNK0xkrE2DqrHsXMLWuZpQg==}
    engines: {node: '>=22.0.0'}

  lucide-static@1.16.0:
    resolution: {integrity: sha512-/EH96rDLRLNKaxuhqHHbmUPx3+qHS/kQRzI1ZGZqnxmh6ljX9yX0xC2UZlQSfBE/n84eNIaxKsv9P8sMiOdCww==}

  miniflare@4.20260515.0:
    resolution: {integrity: sha512-2j0oQWizk1Eu4Cm8tDX7Z+Nsjd0nebIj1TQcQ+Oy1QKeo0Ay9+bdn8wfLAtOj9znDCybDCUlnS1+nYvKXEdfNg==}
    engines: {node: '>=22.0.0'}
    hasBin: true

  oxfmt@0.50.0:
    resolution: {integrity: sha512-owwjTnhfM5aCOJhYeqDvk7iM504OeYFZpdRU7cxx7xtZMo4uVpjlryTUon+Cf76CugsvnqA32e6rC73pr1hXaw==}
    engines: {node: ^20.19.0 || >=22.12.0}
    hasBin: true
    peerDependencies:
      svelte: ^5.0.0
    peerDependenciesMeta:
      svelte:
        optional: true

  oxlint@1.65.0:
    resolution: {integrity: sha512-ChUuE3Q7XnAbscvT4XLMsH7HFJmLgLVv9lu+RRgFL5wSXnDqUOzTp5IS8qWDBGd/ZDSzQ2tbX8fjAmijlGLC7A==}
    engines: {node: ^20.19.0 || >=22.12.0}
    hasBin: true
    peerDependencies:
      oxlint-tsgolint: '>=0.22.1'
    peerDependenciesMeta:
      oxlint-tsgolint:
        optional: true

  path-to-regexp@6.3.0:
    resolution: {integrity: sha512-Yhpw4T9C6hPpgPeA28us07OJeqZ5EzQTkbfwuhsUg0c237RomFoETJgmp2sa3F/41gfLE6G5cqcYwznmeEeOlQ==}

  pathe@2.0.3:
    resolution: {integrity: sha512-WUjGcAqP1gQacoQe+OBJsFA7Ld4DyXuUIjZ5cc75cLHvJ7dtNsTugphxIADwspS+AraAUePCKrSVtPLFj/F88w==}

  semver@7.8.0:
    resolution: {integrity: sha512-AcM7dV/5ul4EekoQ29Agm5vri8JNqRyj39o0qpX6vDF2GZrtutZl5RwgD1XnZjiTAfncsJhMI48QQH3sN87YNA==}
    engines: {node: '>=10'}
    hasBin: true

  sharp@0.34.5:
    resolution: {integrity: sha512-Ou9I5Ft9WNcCbXrU9cMgPBcCK8LiwLqcbywW3t4oDV37n1pzpuNLsYiAV8eODnjbtQlSDwZ2cUEeQz4E54Hltg==}
    engines: {node: ^18.17.0 || ^20.3.0 || >=21.0.0}

  supports-color@10.2.2:
    resolution: {integrity: sha512-SS+jx45GF1QjgEXQx4NJZV9ImqmO2NPz5FNsIHrsDjh2YsHnawpan7SNQ1o8NuhrbHZy9AZhIoCUiCeaW/C80g==}
    engines: {node: '>=18'}

  tinypool@2.1.0:
    resolution: {integrity: sha512-Pugqs6M0m7Lv1I7FtxN4aoyToKg1C4tu+/381vH35y8oENM/Ai7f7C4StcoK4/+BSw9ebcS8jRiVrORFKCALLw==}
    engines: {node: ^20.0.0 || >=22.0.0}

  tslib@2.8.1:
    resolution: {integrity: sha512-oJFu94HQb+KVduSUQL7wnpmqnfmLsOA/nAh6b6EH0wCEoK0/mPeXU6c3wKDV83MkOuHPRHtSXKKU99IBazS/2w==}

  undici@7.24.8:
    resolution: {integrity: sha512-6KQ/+QxK49Z/p3HO6E5ZCZWNnCasyZLa5ExaVYyvPxUwKtbCPMKELJOqh7EqOle0t9cH/7d2TaaTRRa6Nhs4YQ==}
    engines: {node: '>=20.18.1'}

  unenv@2.0.0-rc.24:
    resolution: {integrity: sha512-i7qRCmY42zmCwnYlh9H2SvLEypEFGye5iRmEMKjcGi7zk9UquigRjFtTLz0TYqr0ZGLZhaMHl/foy1bZR+Cwlw==}

  workerd@1.20260515.1:
    resolution: {integrity: sha512-MjKOJLcvU45xXedQowvuiHtJTxu4WTHYQeIlF7YmjuqhiI6dImTFxWCEoRQHiskztxuVSNEmdO7/0UfDu6OMnQ==}
    engines: {node: '>=16'}
    hasBin: true

  wrangler@4.92.0:
    resolution: {integrity: sha512-/DKpQHPxkuZbQsO9dFW2700VTD/4DSZMHjy92fO/frNoDRi/zQsFCAd2ONCV6TGqcUoXcP3D8Bo2gj/L4M0qQQ==}
    engines: {node: '>=22.0.0'}
    hasBin: true
    peerDependencies:
      '@cloudflare/workers-types': ^4.20260515.1
    peerDependenciesMeta:
      '@cloudflare/workers-types':
        optional: true

  ws@8.18.0:
    resolution: {integrity: sha512-8VbfWfHLbbwu3+N6OKsOMpBdT4kXPDDB9cJk2bJ6mh9ucxdlnNvH1e+roYkKmN9Nxw2yjz7VzeO9oOz2zJ04Pw==}
    engines: {node: '>=10.0.0'}
    peerDependencies:
      bufferutil: ^4.0.1
      utf-8-validate: '>=5.0.2'
    peerDependenciesMeta:
      bufferutil:
        optional: true
      utf-8-validate:
        optional: true

  youch-core@0.3.3:
    resolution: {integrity: sha512-ho7XuGjLaJ2hWHoK8yFnsUGy2Y5uDpqSTq1FkHLK4/oqKtyUU1AFbOOxY4IpC9f0fTLjwYbslUz0Po5BpD1wrA==}

  youch@4.1.0-beta.10:
    resolution: {integrity: sha512-rLfVLB4FgQneDr0dv1oddCVZmKjcJ6yX6mS4pU82Mq/Dt9a3cLZQ62pDBL4AUO+uVrCvtWz3ZFUL2HFAFJ/BXQ==}

snapshots:

  '@cloudflare/kv-asset-handler@0.5.0': {}

  '@cloudflare/unenv-preset@2.16.1(unenv@2.0.0-rc.24)(workerd@1.20260515.1)':
    dependencies:
      unenv: 2.0.0-rc.24
    optionalDependencies:
      workerd: 1.20260515.1

  '@cloudflare/workerd-darwin-64@1.20260515.1':
    optional: true

  '@cloudflare/workerd-darwin-arm64@1.20260515.1':
    optional: true

  '@cloudflare/workerd-linux-64@1.20260515.1':
    optional: true

  '@cloudflare/workerd-linux-arm64@1.20260515.1':
    optional: true

  '@cloudflare/workerd-windows-64@1.20260515.1':
    optional: true

  '@cloudflare/workers-types@4.20260517.1': {}

  '@cspotcode/source-map-support@0.8.1':
    dependencies:
      '@jridgewell/trace-mapping': 0.3.9

  '@emnapi/runtime@1.10.0':
    dependencies:
      tslib: 2.8.1
    optional: true

  '@esbuild/aix-ppc64@0.27.3':
    optional: true

  '@esbuild/android-arm64@0.27.3':
    optional: true

  '@esbuild/android-arm@0.27.3':
    optional: true

  '@esbuild/android-x64@0.27.3':
    optional: true

  '@esbuild/darwin-arm64@0.27.3':
    optional: true

  '@esbuild/darwin-x64@0.27.3':
    optional: true

  '@esbuild/freebsd-arm64@0.27.3':
    optional: true

  '@esbuild/freebsd-x64@0.27.3':
    optional: true

  '@esbuild/linux-arm64@0.27.3':
    optional: true

  '@esbuild/linux-arm@0.27.3':
    optional: true

  '@esbuild/linux-ia32@0.27.3':
    optional: true

  '@esbuild/linux-loong64@0.27.3':
    optional: true

  '@esbuild/linux-mips64el@0.27.3':
    optional: true

  '@esbuild/linux-ppc64@0.27.3':
    optional: true

  '@esbuild/linux-riscv64@0.27.3':
    optional: true

  '@esbuild/linux-s390x@0.27.3':
    optional: true

  '@esbuild/linux-x64@0.27.3':
    optional: true

  '@esbuild/netbsd-arm64@0.27.3':
    optional: true

  '@esbuild/netbsd-x64@0.27.3':
    optional: true

  '@esbuild/openbsd-arm64@0.27.3':
    optional: true

  '@esbuild/openbsd-x64@0.27.3':
    optional: true

  '@esbuild/openharmony-arm64@0.27.3':
    optional: true

  '@esbuild/sunos-x64@0.27.3':
    optional: true

  '@esbuild/win32-arm64@0.27.3':
    optional: true

  '@esbuild/win32-ia32@0.27.3':
    optional: true

  '@esbuild/win32-x64@0.27.3':
    optional: true

  '@img/colour@1.1.0': {}

  '@img/sharp-darwin-arm64@0.34.5':
    optionalDependencies:
      '@img/sharp-libvips-darwin-arm64': 1.2.4
    optional: true

  '@img/sharp-darwin-x64@0.34.5':
    optionalDependencies:
      '@img/sharp-libvips-darwin-x64': 1.2.4
    optional: true

  '@img/sharp-libvips-darwin-arm64@1.2.4':
    optional: true

  '@img/sharp-libvips-darwin-x64@1.2.4':
    optional: true

  '@img/sharp-libvips-linux-arm64@1.2.4':
    optional: true

  '@img/sharp-libvips-linux-arm@1.2.4':
    optional: true

  '@img/sharp-libvips-linux-ppc64@1.2.4':
    optional: true

  '@img/sharp-libvips-linux-riscv64@1.2.4':
    optional: true

  '@img/sharp-libvips-linux-s390x@1.2.4':
    optional: true

  '@img/sharp-libvips-linux-x64@1.2.4':
    optional: true

  '@img/sharp-libvips-linuxmusl-arm64@1.2.4':
    optional: true

  '@img/sharp-libvips-linuxmusl-x64@1.2.4':
    optional: true

  '@img/sharp-linux-arm64@0.34.5':
    optionalDependencies:
      '@img/sharp-libvips-linux-arm64': 1.2.4
    optional: true

  '@img/sharp-linux-arm@0.34.5':
    optionalDependencies:
      '@img/sharp-libvips-linux-arm': 1.2.4
    optional: true

  '@img/sharp-linux-ppc64@0.34.5':
    optionalDependencies:
      '@img/sharp-libvips-linux-ppc64': 1.2.4
    optional: true

  '@img/sharp-linux-riscv64@0.34.5':
    optionalDependencies:
      '@img/sharp-libvips-linux-riscv64': 1.2.4
    optional: true

  '@img/sharp-linux-s390x@0.34.5':
    optionalDependencies:
      '@img/sharp-libvips-linux-s390x': 1.2.4
    optional: true

  '@img/sharp-linux-x64@0.34.5':
    optionalDependencies:
      '@img/sharp-libvips-linux-x64': 1.2.4
    optional: true

  '@img/sharp-linuxmusl-arm64@0.34.5':
    optionalDependencies:
      '@img/sharp-libvips-linuxmusl-arm64': 1.2.4
    optional: true

  '@img/sharp-linuxmusl-x64@0.34.5':
    optionalDependencies:
      '@img/sharp-libvips-linuxmusl-x64': 1.2.4
    optional: true

  '@img/sharp-wasm32@0.34.5':
    dependencies:
      '@emnapi/runtime': 1.10.0
    optional: true

  '@img/sharp-win32-arm64@0.34.5':
    optional: true

  '@img/sharp-win32-ia32@0.34.5':
    optional: true

  '@img/sharp-win32-x64@0.34.5':
    optional: true

  '@jridgewell/resolve-uri@3.1.2': {}

  '@jridgewell/sourcemap-codec@1.5.5': {}

  '@jridgewell/trace-mapping@0.3.9':
    dependencies:
      '@jridgewell/resolve-uri': 3.1.2
      '@jridgewell/sourcemap-codec': 1.5.5

  '@oxfmt/binding-android-arm-eabi@0.50.0':
    optional: true

  '@oxfmt/binding-android-arm64@0.50.0':
    optional: true

  '@oxfmt/binding-darwin-arm64@0.50.0':
    optional: true

  '@oxfmt/binding-darwin-x64@0.50.0':
    optional: true

  '@oxfmt/binding-freebsd-x64@0.50.0':
    optional: true

  '@oxfmt/binding-linux-arm-gnueabihf@0.50.0':
    optional: true

  '@oxfmt/binding-linux-arm-musleabihf@0.50.0':
    optional: true

  '@oxfmt/binding-linux-arm64-gnu@0.50.0':
    optional: true

  '@oxfmt/binding-linux-arm64-musl@0.50.0':
    optional: true

  '@oxfmt/binding-linux-ppc64-gnu@0.50.0':
    optional: true

  '@oxfmt/binding-linux-riscv64-gnu@0.50.0':
    optional: true

  '@oxfmt/binding-linux-riscv64-musl@0.50.0':
    optional: true

  '@oxfmt/binding-linux-s390x-gnu@0.50.0':
    optional: true

  '@oxfmt/binding-linux-x64-gnu@0.50.0':
    optional: true

  '@oxfmt/binding-linux-x64-musl@0.50.0':
    optional: true

  '@oxfmt/binding-openharmony-arm64@0.50.0':
    optional: true

  '@oxfmt/binding-win32-arm64-msvc@0.50.0':
    optional: true

  '@oxfmt/binding-win32-ia32-msvc@0.50.0':
    optional: true

  '@oxfmt/binding-win32-x64-msvc@0.50.0':
    optional: true

  '@oxlint/binding-android-arm-eabi@1.65.0':
    optional: true

  '@oxlint/binding-android-arm64@1.65.0':
    optional: true

  '@oxlint/binding-darwin-arm64@1.65.0':
    optional: true

  '@oxlint/binding-darwin-x64@1.65.0':
    optional: true

  '@oxlint/binding-freebsd-x64@1.65.0':
    optional: true

  '@oxlint/binding-linux-arm-gnueabihf@1.65.0':
    optional: true

  '@oxlint/binding-linux-arm-musleabihf@1.65.0':
    optional: true

  '@oxlint/binding-linux-arm64-gnu@1.65.0':
    optional: true

  '@oxlint/binding-linux-arm64-musl@1.65.0':
    optional: true

  '@oxlint/binding-linux-ppc64-gnu@1.65.0':
    optional: true

  '@oxlint/binding-linux-riscv64-gnu@1.65.0':
    optional: true

  '@oxlint/binding-linux-riscv64-musl@1.65.0':
    optional: true

  '@oxlint/binding-linux-s390x-gnu@1.65.0':
    optional: true

  '@oxlint/binding-linux-x64-gnu@1.65.0':
    optional: true

  '@oxlint/binding-linux-x64-musl@1.65.0':
    optional: true

  '@oxlint/binding-openharmony-arm64@1.65.0':
    optional: true

  '@oxlint/binding-win32-arm64-msvc@1.65.0':
    optional: true

  '@oxlint/binding-win32-ia32-msvc@1.65.0':
    optional: true

  '@oxlint/binding-win32-x64-msvc@1.65.0':
    optional: true

  '@poppinss/colors@4.1.6':
    dependencies:
      kleur: 4.1.5

  '@poppinss/dumper@0.6.5':
    dependencies:
      '@poppinss/colors': 4.1.6
      '@sindresorhus/is': 7.2.0
      supports-color: 10.2.2

  '@poppinss/exception@1.2.3': {}

  '@sindresorhus/is@7.2.0': {}

  '@speed-highlight/core@1.2.15': {}

  '@typescript/native-preview-darwin-arm64@7.0.0-dev.20260517.1':
    optional: true

  '@typescript/native-preview-darwin-x64@7.0.0-dev.20260517.1':
    optional: true

  '@typescript/native-preview-linux-arm64@7.0.0-dev.20260517.1':
    optional: true

  '@typescript/native-preview-linux-arm@7.0.0-dev.20260517.1':
    optional: true

  '@typescript/native-preview-linux-x64@7.0.0-dev.20260517.1':
    optional: true

  '@typescript/native-preview-win32-arm64@7.0.0-dev.20260517.1':
    optional: true

  '@typescript/native-preview-win32-x64@7.0.0-dev.20260517.1':
    optional: true

  '@typescript/native-preview@7.0.0-dev.20260517.1':
    optionalDependencies:
      '@typescript/native-preview-darwin-arm64': 7.0.0-dev.20260517.1
      '@typescript/native-preview-darwin-x64': 7.0.0-dev.20260517.1
      '@typescript/native-preview-linux-arm': 7.0.0-dev.20260517.1
      '@typescript/native-preview-linux-arm64': 7.0.0-dev.20260517.1
      '@typescript/native-preview-linux-x64': 7.0.0-dev.20260517.1
      '@typescript/native-preview-win32-arm64': 7.0.0-dev.20260517.1
      '@typescript/native-preview-win32-x64': 7.0.0-dev.20260517.1

  blake3-wasm@2.1.5: {}

  cookie@1.1.1: {}

  detect-libc@2.1.2: {}

  error-stack-parser-es@1.0.5: {}

  esbuild@0.27.3:
    optionalDependencies:
      '@esbuild/aix-ppc64': 0.27.3
      '@esbuild/android-arm': 0.27.3
      '@esbuild/android-arm64': 0.27.3
      '@esbuild/android-x64': 0.27.3
      '@esbuild/darwin-arm64': 0.27.3
      '@esbuild/darwin-x64': 0.27.3
      '@esbuild/freebsd-arm64': 0.27.3
      '@esbuild/freebsd-x64': 0.27.3
      '@esbuild/linux-arm': 0.27.3
      '@esbuild/linux-arm64': 0.27.3
      '@esbuild/linux-ia32': 0.27.3
      '@esbuild/linux-loong64': 0.27.3
      '@esbuild/linux-mips64el': 0.27.3
      '@esbuild/linux-ppc64': 0.27.3
      '@esbuild/linux-riscv64': 0.27.3
      '@esbuild/linux-s390x': 0.27.3
      '@esbuild/linux-x64': 0.27.3
      '@esbuild/netbsd-arm64': 0.27.3
      '@esbuild/netbsd-x64': 0.27.3
      '@esbuild/openbsd-arm64': 0.27.3
      '@esbuild/openbsd-x64': 0.27.3
      '@esbuild/openharmony-arm64': 0.27.3
      '@esbuild/sunos-x64': 0.27.3
      '@esbuild/win32-arm64': 0.27.3
      '@esbuild/win32-ia32': 0.27.3
      '@esbuild/win32-x64': 0.27.3

  fsevents@2.3.3:
    optional: true

  ghostty-web@0.4.0: {}

  kleur@4.1.5: {}

  kysely@0.29.2: {}

  lucide-static@1.16.0: {}

  miniflare@4.20260515.0:
    dependencies:
      '@cspotcode/source-map-support': 0.8.1
      sharp: 0.34.5
      undici: 7.24.8
      workerd: 1.20260515.1
      ws: 8.18.0
      youch: 4.1.0-beta.10
    transitivePeerDependencies:
      - bufferutil
      - utf-8-validate

  oxfmt@0.50.0:
    dependencies:
      tinypool: 2.1.0
    optionalDependencies:
      '@oxfmt/binding-android-arm-eabi': 0.50.0
      '@oxfmt/binding-android-arm64': 0.50.0
      '@oxfmt/binding-darwin-arm64': 0.50.0
      '@oxfmt/binding-darwin-x64': 0.50.0
      '@oxfmt/binding-freebsd-x64': 0.50.0
      '@oxfmt/binding-linux-arm-gnueabihf': 0.50.0
      '@oxfmt/binding-linux-arm-musleabihf': 0.50.0
      '@oxfmt/binding-linux-arm64-gnu': 0.50.0
      '@oxfmt/binding-linux-arm64-musl': 0.50.0
      '@oxfmt/binding-linux-ppc64-gnu': 0.50.0
      '@oxfmt/binding-linux-riscv64-gnu': 0.50.0
      '@oxfmt/binding-linux-riscv64-musl': 0.50.0
      '@oxfmt/binding-linux-s390x-gnu': 0.50.0
      '@oxfmt/binding-linux-x64-gnu': 0.50.0
      '@oxfmt/binding-linux-x64-musl': 0.50.0
      '@oxfmt/binding-openharmony-arm64': 0.50.0
      '@oxfmt/binding-win32-arm64-msvc': 0.50.0
      '@oxfmt/binding-win32-ia32-msvc': 0.50.0
      '@oxfmt/binding-win32-x64-msvc': 0.50.0

  oxlint@1.65.0:
    optionalDependencies:
      '@oxlint/binding-android-arm-eabi': 1.65.0
      '@oxlint/binding-android-arm64': 1.65.0
      '@oxlint/binding-darwin-arm64': 1.65.0
      '@oxlint/binding-darwin-x64': 1.65.0
      '@oxlint/binding-freebsd-x64': 1.65.0
      '@oxlint/binding-linux-arm-gnueabihf': 1.65.0
      '@oxlint/binding-linux-arm-musleabihf': 1.65.0
      '@oxlint/binding-linux-arm64-gnu': 1.65.0
      '@oxlint/binding-linux-arm64-musl': 1.65.0
      '@oxlint/binding-linux-ppc64-gnu': 1.65.0
      '@oxlint/binding-linux-riscv64-gnu': 1.65.0
      '@oxlint/binding-linux-riscv64-musl': 1.65.0
      '@oxlint/binding-linux-s390x-gnu': 1.65.0
      '@oxlint/binding-linux-x64-gnu': 1.65.0
      '@oxlint/binding-linux-x64-musl': 1.65.0
      '@oxlint/binding-openharmony-arm64': 1.65.0
      '@oxlint/binding-win32-arm64-msvc': 1.65.0
      '@oxlint/binding-win32-ia32-msvc': 1.65.0
      '@oxlint/binding-win32-x64-msvc': 1.65.0

  path-to-regexp@6.3.0: {}

  pathe@2.0.3: {}

  semver@7.8.0: {}

  sharp@0.34.5:
    dependencies:
      '@img/colour': 1.1.0
      detect-libc: 2.1.2
      semver: 7.8.0
    optionalDependencies:
      '@img/sharp-darwin-arm64': 0.34.5
      '@img/sharp-darwin-x64': 0.34.5
      '@img/sharp-libvips-darwin-arm64': 1.2.4
      '@img/sharp-libvips-darwin-x64': 1.2.4
      '@img/sharp-libvips-linux-arm': 1.2.4
      '@img/sharp-libvips-linux-arm64': 1.2.4
      '@img/sharp-libvips-linux-ppc64': 1.2.4
      '@img/sharp-libvips-linux-riscv64': 1.2.4
      '@img/sharp-libvips-linux-s390x': 1.2.4
      '@img/sharp-libvips-linux-x64': 1.2.4
      '@img/sharp-libvips-linuxmusl-arm64': 1.2.4
      '@img/sharp-libvips-linuxmusl-x64': 1.2.4
      '@img/sharp-linux-arm': 0.34.5
      '@img/sharp-linux-arm64': 0.34.5
      '@img/sharp-linux-ppc64': 0.34.5
      '@img/sharp-linux-riscv64': 0.34.5
      '@img/sharp-linux-s390x': 0.34.5
      '@img/sharp-linux-x64': 0.34.5
      '@img/sharp-linuxmusl-arm64': 0.34.5
      '@img/sharp-linuxmusl-x64': 0.34.5
      '@img/sharp-wasm32': 0.34.5
      '@img/sharp-win32-arm64': 0.34.5
      '@img/sharp-win32-ia32': 0.34.5
      '@img/sharp-win32-x64': 0.34.5

  supports-color@10.2.2: {}

  tinypool@2.1.0: {}

  tslib@2.8.1:
    optional: true

  undici@7.24.8: {}

  unenv@2.0.0-rc.24:
    dependencies:
      pathe: 2.0.3

  workerd@1.20260515.1:
    optionalDependencies:
      '@cloudflare/workerd-darwin-64': 1.20260515.1
      '@cloudflare/workerd-darwin-arm64': 1.20260515.1
      '@cloudflare/workerd-linux-64': 1.20260515.1
      '@cloudflare/workerd-linux-arm64': 1.20260515.1
      '@cloudflare/workerd-windows-64': 1.20260515.1

  wrangler@4.92.0(@cloudflare/workers-types@4.20260517.1):
    dependencies:
      '@cloudflare/kv-asset-handler': 0.5.0
      '@cloudflare/unenv-preset': 2.16.1(unenv@2.0.0-rc.24)(workerd@1.20260515.1)
      blake3-wasm: 2.1.5
      esbuild: 0.27.3
      miniflare: 4.20260515.0
      path-to-regexp: 6.3.0
      unenv: 2.0.0-rc.24
      workerd: 1.20260515.1
    optionalDependencies:
      '@cloudflare/workers-types': 4.20260517.1
      fsevents: 2.3.3
    transitivePeerDependencies:
      - bufferutil
      - utf-8-validate

  ws@8.18.0: {}

  youch-core@0.3.3:
    dependencies:
      '@poppinss/exception': 1.2.3
      error-stack-parser-es: 1.0.5

  youch@4.1.0-beta.10:
    dependencies:
      '@poppinss/colors': 4.1.6
      '@poppinss/dumper': 0.6.5
      '@speed-highlight/core': 1.2.15
      cookie: 1.1.1
      youch-core: 0.3.3
